
Microsoft Visual Studio Solution File, Format Version 12.00
# Visual Studio Version 17
VisualStudioVersion = 17.0.32112.339
MinimumVisualStudioVersion = 10.0.40219.1
Project("{2150E333-8FDC-42A3-9474-1A3956D46DE8}") = "02.domain", "02.domain", "{B2A967A6-A719-41E3-81B7-CDCD904199DD}"
EndProject
Project("{2150E333-8FDC-42A3-9474-1A3956D46DE8}") = "01.Api", "01.Api", "{E376BCAF-10DA-4AAB-9EBF-A7EE70FB26D4}"
EndProject
Project("{2150E333-8FDC-42A3-9474-1A3956D46DE8}") = "03.Infra", "03.Infra", "{F937B3BC-FE69-4C98-9DF6-724BE03A8775}"
EndProject
Project("{FAE04EC0-301F-11D3-BF4B-00C04F79EFBC}") = "App.CooperShip.Domain", "App.CooperShip.Domain\App.CooperShip.Domain.csproj", "{03295048-21B3-4430-AFDE-C0470E7C21D1}"
EndProject
Project("{FAE04EC0-301F-11D3-BF4B-00C04F79EFBC}") = "App.CooperShip.Infra", "App.CooperShip.Infra\App.CooperShip.Infra.csproj", "{51A5764B-F811-4602-A88B-400D2DDBC2B7}"
EndProject
Project("{FAE04EC0-301F-11D3-BF4B-00C04F79EFBC}") = "App.CooperShip.Api", "App.CooperShip.Api\App.CooperShip.Api.csproj", "{EC34949B-C1B3-4148-9697-9040E6DB8FA7}"
EndProject
Global
	GlobalSection(SolutionConfigurationPlatforms) = preSolution
		Debug|Any CPU = Debug|Any CPU
		Release|Any CPU = Release|Any CPU
	EndGlobalSection
	GlobalSection(ProjectConfigurationPlatforms) = postSolution
		{03295048-21B3-4430-AFDE-C0470E7C21D1}.Debug|Any CPU.ActiveCfg = Debug|Any CPU
		{03295048-21B3-4430-AFDE-C0470E7C21D1}.Debug|Any CPU.Build.0 = Debug|Any CPU
		{03295048-21B3-4430-AFDE-C0470E7C21D1}.Release|Any CPU.ActiveCfg = Release|Any CPU
		{03295048-21B3-4430-AFDE-C0470E7C21D1}.Release|Any CPU.Build.0 = Release|Any CPU
		{51A5764B-F811-4602-A88B-400D2DDBC2B7}.Debug|Any CPU.ActiveCfg = Debug|Any CPU
		{51A5764B-F811-4602-A88B-400D2DDBC2B7}.Debug|Any CPU.Build.0 = Debug|Any CPU
		{51A5764B-F811-4602-A88B-400D2DDBC2B7}.Release|Any CPU.ActiveCfg = Release|Any CPU
		{51A5764B-F811-4602-A88B-400D2DDBC2B7}.Release|Any CPU.Build.0 = Release|Any CPU
		{EC34949B-C1B3-4148-9697-9040E6DB8FA7}.Debug|Any CPU.ActiveCfg = Debug|Any CPU
		{EC34949B-C1B3-4148-9697-9040E6DB8FA7}.Debug|Any CPU.Build.0 = Debug|Any CPU
		{EC34949B-C1B3-4148-9697-9040E6DB8FA7}.Release|Any CPU.ActiveCfg = Release|Any CPU
		{EC34949B-C1B3-4148-9697-9040E6DB8FA7}.Release|Any CPU.Build.0 = Release|Any CPU
	EndGlobalSection
	GlobalSection(SolutionProperties) = preSolution
		HideSolutionNode = FALSE
	EndGlobalSection
	GlobalSection(NestedProjects) = preSolution
		{03295048-21B3-4430-AFDE-C0470E7C21D1} = {B2A967A6-A719-41E3-81B7-CDCD904199DD}
		{51A5764B-F811-4602-A88B-400D2DDBC2B7} = {F937B3BC-FE69-4C98-9DF6-724BE03A8775}
		{EC34949B-C1B3-4148-9697-9040E6DB8FA7} = {E376BCAF-10DA-4AAB-9EBF-A7EE70FB26D4}
	EndGlobalSection
	GlobalSection(ExtensibilityGlobals) = postSolution
		SolutionGuid = {920B841F-E179-4C7A-A03D-3E0B6FDC17D0}
	EndGlobalSection
EndGlobal
